// !$*UTF8*$!
{
	archiveVersion = 1;
	classes = {
	};
	objectVersion = 50;
	objects = {

/* Begin PBXBuildFile section */
		734094E523857CC200D217DB /* Extensions.swift in Sources */ = {isa = PBXBuildFile; fileRef = 734094E423857CC200D217DB /* Extensions.swift */; };
		734094E823857CF700D217DB /* ProfileViewController.swift in Sources */ = {isa = PBXBuildFile; fileRef = 734094E723857CF700D217DB /* ProfileViewController.swift */; };
		734094EA23857D1C00D217DB /* PostsTableViewController.swift in Sources */ = {isa = PBXBuildFile; fileRef = 734094E923857D1C00D217DB /* PostsTableViewController.swift */; };
		734094ED23857D3A00D217DB /* DataManager.swift in Sources */ = {isa = PBXBuildFile; fileRef = 734094EC23857D3A00D217DB /* DataManager.swift */; };
		734094EF23857D4700D217DB /* DataManagerImpl.swift in Sources */ = {isa = PBXBuildFile; fileRef = 734094EE23857D4700D217DB /* DataManagerImpl.swift */; };
		734094F223857D8000D217DB /* Post.swift in Sources */ = {isa = PBXBuildFile; fileRef = 734094F123857D8000D217DB /* Post.swift */; };
		734094F423857D9300D217DB /* User.swift in Sources */ = {isa = PBXBuildFile; fileRef = 734094F323857D9300D217DB /* User.swift */; };
		734094F823857DC900D217DB /* ImageCollectionViewCell.swift in Sources */ = {isa = PBXBuildFile; fileRef = 734094F723857DC900D217DB /* ImageCollectionViewCell.swift */; };
		734094FB23857DF000D217DB /* PostTableViewCell.swift in Sources */ = {isa = PBXBuildFile; fileRef = 734094FA23857DF000D217DB /* PostTableViewCell.swift */; };
		734094FD23857E2400D217DB /* PostTableViewCell.xib in Resources */ = {isa = PBXBuildFile; fileRef = 734094FC23857E2400D217DB /* PostTableViewCell.xib */; };
		7C82600023856DD0009B1C35 /* AppDelegate.swift in Sources */ = {isa = PBXBuildFile; fileRef = 7C825FFF23856DD0009B1C35 /* AppDelegate.swift */; };
		7C82600223856DD0009B1C35 /* SceneDelegate.swift in Sources */ = {isa = PBXBuildFile; fileRef = 7C82600123856DD0009B1C35 /* SceneDelegate.swift */; };
		7C82600723856DD0009B1C35 /* Main.storyboard in Resources */ = {isa = PBXBuildFile; fileRef = 7C82600523856DD0009B1C35 /* Main.storyboard */; };
		7C82600923856DD1009B1C35 /* Assets.xcassets in Resources */ = {isa = PBXBuildFile; fileRef = 7C82600823856DD1009B1C35 /* Assets.xcassets */; };
		7C82600C23856DD1009B1C35 /* LaunchScreen.storyboard in Resources */ = {isa = PBXBuildFile; fileRef = 7C82600A23856DD1009B1C35 /* LaunchScreen.storyboard */; };
/* End PBXBuildFile section */

/* Begin PBXFileReference section */
		734094E423857CC200D217DB /* Extensions.swift */ = {isa = PBXFileReference; lastKnownFileType = sourcecode.swift; path = Extensions.swift; sourceTree = "<group>"; };
		734094E723857CF700D217DB /* ProfileViewController.swift */ = {isa = PBXFileReference; lastKnownFileType = sourcecode.swift; path = ProfileViewController.swift; sourceTree = "<group>"; };
		734094E923857D1C00D217DB /* PostsTableViewController.swift */ = {isa = PBXFileReference; lastKnownFileType = sourcecode.swift; path = PostsTableViewController.swift; sourceTree = "<group>"; };
		734094EC23857D3A00D217DB /* DataManager.swift */ = {isa = PBXFileReference; lastKnownFileType = sourcecode.swift; path = DataManager.swift; sourceTree = "<group>"; };
		734094EE23857D4700D217DB /* DataManagerImpl.swift */ = {isa = PBXFileReference; lastKnownFileType = sourcecode.swift; path = DataManagerImpl.swift; sourceTree = "<group>"; };
		734094F123857D8000D217DB /* Post.swift */ = {isa = PBXFileReference; lastKnownFileType = sourcecode.swift; path = Post.swift; sourceTree = "<group>"; };
		734094F323857D9300D217DB /* User.swift */ = {isa = PBXFileReference; lastKnownFileType = sourcecode.swift; path = User.swift; sourceTree = "<group>"; };
		734094F723857DC900D217DB /* ImageCollectionViewCell.swift */ = {isa = PBXFileReference; lastKnownFileType = sourcecode.swift; path = ImageCollectionViewCell.swift; sourceTree = "<group>"; };
		734094FA23857DF000D217DB /* PostTableViewCell.swift */ = {isa = PBXFileReference; lastKnownFileType = sourcecode.swift; path = PostTableViewCell.swift; sourceTree = "<group>"; };
		734094FC23857E2400D217DB /* PostTableViewCell.xib */ = {isa = PBXFileReference; fileEncoding = 4; lastKnownFileType = file.xib; path = PostTableViewCell.xib; sourceTree = "<group>"; };
		7C825FFC23856DD0009B1C35 /* PersistanceLesson1.app */ = {isa = PBXFileReference; explicitFileType = wrapper.application; includeInIndex = 0; path = PersistanceLesson1.app; sourceTree = BUILT_PRODUCTS_DIR; };
		7C825FFF23856DD0009B1C35 /* AppDelegate.swift */ = {isa = PBXFileReference; lastKnownFileType = sourcecode.swift; path = AppDelegate.swift; sourceTree = "<group>"; };
		7C82600123856DD0009B1C35 /* SceneDelegate.swift */ = {isa = PBXFileReference; lastKnownFileType = sourcecode.swift; path = SceneDelegate.swift; sourceTree = "<group>"; };
		7C82600623856DD0009B1C35 /* Base */ = {isa = PBXFileReference; lastKnownFileType = file.storyboard; name = Base; path = Base.lproj/Main.storyboard; sourceTree = "<group>"; };
		7C82600823856DD1009B1C35 /* Assets.xcassets */ = {isa = PBXFileReference; lastKnownFileType = folder.assetcatalog; path = Assets.xcassets; sourceTree = "<group>"; };
		7C82600B23856DD1009B1C35 /* Base */ = {isa = PBXFileReference; lastKnownFileType = file.storyboard; name = Base; path = Base.lproj/LaunchScreen.storyboard; sourceTree = "<group>"; };
		7C82600D23856DD1009B1C35 /* Info.plist */ = {isa = PBXFileReference; lastKnownFileType = text.plist.xml; path = Info.plist; sourceTree = "<group>"; };
/* End PBXFileReference section */

/* Begin PBXFrameworksBuildPhase section */
		7C825FF923856DD0009B1C35 /* Frameworks */ = {
			isa = PBXFrameworksBuildPhase;
			buildActionMask = 2147483647;
			files = (
			);
			runOnlyForDeploymentPostprocessing = 0;
		};
/* End PBXFrameworksBuildPhase section */

/* Begin PBXGroup section */
		734094E123857C3A00D217DB /* model */ = {
			isa = PBXGroup;
			children = (
				734094F023857D5B00D217DB /* entities */,
				734094EB23857D2900D217DB /* managers */,
			);
			path = model;
			sourceTree = "<group>";
		};
		734094E223857C4500D217DB /* view */ = {
			isa = PBXGroup;
			children = (
				734094F923857DD100D217DB /* post cell */,
				734094F523857DA000D217DB /* collection cell */,
			);
			path = view;
			sourceTree = "<group>";
		};
		734094E323857C4A00D217DB /* controller */ = {
			isa = PBXGroup;
			children = (
				734094E723857CF700D217DB /* ProfileViewController.swift */,
				734094E923857D1C00D217DB /* PostsTableViewController.swift */,
			);
			path = controller;
			sourceTree = "<group>";
		};
		734094E623857CCB00D217DB /* helpers */ = {
			isa = PBXGroup;
			children = (
				734094E423857CC200D217DB /* Extensions.swift */,
			);
			path = helpers;
			sourceTree = "<group>";
		};
		734094EB23857D2900D217DB /* managers */ = {
			isa = PBXGroup;
			children = (
				734094EC23857D3A00D217DB /* DataManager.swift */,
				734094EE23857D4700D217DB /* DataManagerImpl.swift */,
			);
			path = managers;
			sourceTree = "<group>";
		};
		734094F023857D5B00D217DB /* entities */ = {
			isa = PBXGroup;
			children = (
				734094F123857D8000D217DB /* Post.swift */,
				734094F323857D9300D217DB /* User.swift */,
			);
			path = entities;
			sourceTree = "<group>";
		};
		734094F523857DA000D217DB /* collection cell */ = {
			isa = PBXGroup;
			children = (
				734094FC23857E2400D217DB /* PostTableViewCell.xib */,
				734094F723857DC900D217DB /* ImageCollectionViewCell.swift */,
			);
			path = "collection cell";
			sourceTree = "<group>";
		};
		734094F923857DD100D217DB /* post cell */ = {
			isa = PBXGroup;
			children = (
				734094FA23857DF000D217DB /* PostTableViewCell.swift */,
			);
			path = "post cell";
			sourceTree = "<group>";
		};
		7C825FF323856DD0009B1C35 = {
			isa = PBXGroup;
			children = (
				7C825FFE23856DD0009B1C35 /* PersistanceLesson1 */,
				7C825FFD23856DD0009B1C35 /* Products */,
			);
			sourceTree = "<group>";
		};
		7C825FFD23856DD0009B1C35 /* Products */ = {
			isa = PBXGroup;
			children = (
				7C825FFC23856DD0009B1C35 /* PersistanceLesson1.app */,
			);
			name = Products;
			sourceTree = "<group>";
		};
		7C825FFE23856DD0009B1C35 /* PersistanceLesson1 */ = {
			isa = PBXGroup;
			children = (
				734094E623857CCB00D217DB /* helpers */,
				734094E323857C4A00D217DB /* controller */,
				734094E223857C4500D217DB /* view */,
				734094E123857C3A00D217DB /* model */,
				7C825FFF23856DD0009B1C35 /* AppDelegate.swift */,
				7C82600123856DD0009B1C35 /* SceneDelegate.swift */,
				7C82600523856DD0009B1C35 /* Main.storyboard */,
				7C82600823856DD1009B1C35 /* Assets.xcassets */,
				7C82600A23856DD1009B1C35 /* LaunchScreen.storyboard */,
				7C82600D23856DD1009B1C35 /* Info.plist */,
			);
			path = PersistanceLesson1;
			sourceTree = "<group>";
		};
/* End PBXGroup section */

/* Begin PBXNativeTarget section */
		7C825FFB23856DD0009B1C35 /* PersistanceLesson1 */ = {
			isa = PBXNativeTarget;
			buildConfigurationList = 7C82601023856DD1009B1C35 /* Build configuration list for PBXNativeTarget "PersistanceLesson1" */;
			buildPhases = (
				7C825FF823856DD0009B1C35 /* Sources */,
				7C825FF923856DD0009B1C35 /* Frameworks */,
				7C825FFA23856DD0009B1C35 /* Resources */,
			);
			buildRules = (
			);
			dependencies = (
			);
			name = PersistanceLesson1;
			productName = PersistanceLesson1;
			productReference = 7C825FFC23856DD0009B1C35 /* PersistanceLesson1.app */;
			productType = "com.apple.product-type.application";
		};
/* End PBXNativeTarget section */

/* Begin PBXProject section */
		7C825FF423856DD0009B1C35 /* Project object */ = {
			isa = PBXProject;
			attributes = {
				LastSwiftUpdateCheck = 1120;
				LastUpgradeCheck = 1120;
				ORGANIZATIONNAME = "Ildar Zalyalov";
				TargetAttributes = {
					7C825FFB23856DD0009B1C35 = {
						CreatedOnToolsVersion = 11.2.1;
					};
				};
			};
			buildConfigurationList = 7C825FF723856DD0009B1C35 /* Build configuration list for PBXProject "PersistanceLesson1" */;
			compatibilityVersion = "Xcode 9.3";
			developmentRegion = en;
			hasScannedForEncodings = 0;
			knownRegions = (
				en,
				Base,
			);
			mainGroup = 7C825FF323856DD0009B1C35;
			productRefGroup = 7C825FFD23856DD0009B1C35 /* Products */;
			projectDirPath = "";
			projectRoot = "";
			targets = (
				7C825FFB23856DD0009B1C35 /* PersistanceLesson1 */,
			);
		};
/* End PBXProject section */

/* Begin PBXResourcesBuildPhase section */
		7C825FFA23856DD0009B1C35 /* Resources */ = {
			isa = PBXResourcesBuildPhase;
			buildActionMask = 2147483647;
			files = (
				7C82600C23856DD1009B1C35 /* LaunchScreen.storyboard in Resources */,
				7C82600923856DD1009B1C35 /* Assets.xcassets in Resources */,
				7C82600723856DD0009B1C35 /* Main.storyboard in Resources */,
				734094FD23857E2400D217DB /* PostTableViewCell.xib in Resources */,
			);
			runOnlyForDeploymentPostprocessing = 0;
		};
/* End PBXResourcesBuildPhase section */

/* Begin PBXSourcesBuildPhase section */
		7C825FF823856DD0009B1C35 /* Sources */ = {
			isa = PBXSourcesBuildPhase;
			buildActionMask = 2147483647;
			files = (
				734094FB23857DF000D217DB /* PostTableViewCell.swift in Sources */,
				7C82600023856DD0009B1C35 /* AppDelegate.swift in Sources */,
				734094ED23857D3A00D217DB /* DataManager.swift in Sources */,
				734094E523857CC200D217DB /* Extensions.swift in Sources */,
				734094F223857D8000D217DB /* Post.swift in Sources */,
				734094EF23857D4700D217DB /* DataManagerImpl.swift in Sources */,
				734094F423857D9300D217DB /* User.swift in Sources */,
				734094F823857DC900D217DB /* ImageCollectionViewCell.swift in Sources */,
				734094E823857CF700D217DB /* ProfileViewController.swift in Sources */,
				7C82600223856DD0009B1C35 /* SceneDelegate.swift in Sources */,
				734094EA23857D1C00D217DB /* PostsTableViewController.swift in Sources */,
			);
			runOnlyForDeploymentPostprocessing = 0;
		};
/* End PBXSourcesBuildPhase section */

/* Begin PBXVariantGroup section */
		7C82600523856DD0009B1C35 /* Main.storyboard */ = {
			isa = PBXVariantGroup;
			children = (
				7C82600623856DD0009B1C35 /* Base */,
			);
			name = Main.storyboard;
			sourceTree = "<group>";
		};
		7C82600A23856DD1009B1C35 /* LaunchScreen.storyboard */ = {
			isa = PBXVariantGroup;
			children = (
				7C82600B23856DD1009B1C35 /* Base */,
			);
			name = LaunchScreen.storyboard;
			sourceTree = "<group>";
		};
/* End PBXVariantGroup section */

/* Begin XCBuildConfiguration section */
		7C82600E23856DD1009B1C35 /* Debug */ = {
			isa = XCBuildConfiguration;
			buildSettings = {
				ALWAYS_SEARCH_USER_PATHS = NO;
				CLANG_ANALYZER_NONNULL = YES;
				CLANG_ANALYZER_NUMBER_OBJECT_CONVERSION = YES_AGGRESSIVE;
				CLANG_CXX_LANGUAGE_STANDARD = "gnu++14";
				CLANG_CXX_LIBRARY = "libc++";
				CLANG_ENABLE_MODULES = YES;
				CLANG_ENABLE_OBJC_ARC = YES;
				CLANG_ENABLE_OBJC_WEAK = YES;
				CLANG_WARN_BLOCK_CAPTURE_AUTORELEASING = YES;
				CLANG_WARN_BOOL_CONVERSION = YES;
				CLANG_WARN_COMMA = YES;
				CLANG_WARN_CONSTANT_CONVERSION = YES;
				CLANG_WARN_DEPRECATED_OBJC_IMPLEMENTATIONS = YES;
				CLANG_WARN_DIRECT_OBJC_ISA_USAGE = YES_ERROR;
				CLANG_WARN_DOCUMENTATION_COMMENTS = YES;
				CLANG_WARN_EMPTY_BODY = YES;
				CLANG_WARN_ENUM_CONVERSION = YES;
				CLANG_WARN_INFINITE_RECURSION = YES;
				CLANG_WARN_INT_CONVERSION = YES;
				CLANG_WARN_NON_LITERAL_NULL_CONVERSION = YES;
				CLANG_WARN_OBJC_IMPLICIT_RETAIN_SELF = YES;
				CLANG_WARN_OBJC_LITERAL_CONVERSION = YES;
				CLANG_WARN_OBJC_ROOT_CLASS = YES_ERROR;
				CLANG_WARN_RANGE_LOOP_ANALYSIS = YES;
				CLANG_WARN_STRICT_PROTOTYPES = YES;
				CLANG_WARN_SUSPICIOUS_MOVE = YES;
				CLANG_WARN_UNGUARDED_AVAILABILITY = YES_AGGRESSIVE;
				CLANG_WARN_UNREACHABLE_CODE = YES;
				CLANG_WARN__DUPLICATE_METHOD_MATCH = YES;
				COPY_PHASE_STRIP = NO;
				DEBUG_INFORMATION_FORMAT = dwarf;
				ENABLE_STRICT_OBJC_MSGSEND = YES;
				ENABLE_TESTABILITY = YES;
				GCC_C_LANGUAGE_STANDARD = gnu11;
				GCC_DYNAMIC_NO_PIC = NO;
				GCC_NO_COMMON_BLOCKS = YES;
				GCC_OPTIMIZATION_LEVEL = 0;
				GCC_PREPROCESSOR_DEFINITIONS = (
					"DEBUG=1",
					"$(inherited)",
				);
				GCC_WARN_64_TO_32_BIT_CONVERSION = YES;
				GCC_WARN_ABOUT_RETURN_TYPE = YES_ERROR;
				GCC_WARN_UNDECLARED_SELECTOR = YES;
				GCC_WARN_UNINITIALIZED_AUTOS = YES_AGGRESSIVE;
				GCC_WARN_UNUSED_FUNCTION = YES;
				GCC_WARN_UNUSED_VARIABLE = YES;
				IPHONEOS_DEPLOYMENT_TARGET = 13.2;
				MTL_ENABLE_DEBUG_INFO = INCLUDE_SOURCE;
				MTL_FAST_MATH = YES;
				ONLY_ACTIVE_ARCH = YES;
				SDKROOT = iphoneos;
				SWIFT_ACTIVE_COMPILATION_CONDITIONS = DEBUG;
				SWIFT_OPTIMIZATION_LEVEL = "-Onone";
			};
			name = Debug;
		};
		7C82600F23856DD1009B1C35 /* Release */ = {
			isa = XCBuildConfiguration;
			buildSettings = {
				ALWAYS_SEARCH_USER_PATHS = NO;
				CLANG_ANALYZER_NONNULL = YES;
				CLANG_ANALYZER_NUMBER_OBJECT_CONVERSION = YES_AGGRESSIVE;
				CLANG_CXX_LANGUAGE_STANDARD = "gnu++14";
				CLANG_CXX_LIBRARY = "libc++";
				CLANG_ENABLE_MODULES = YES;
				CLANG_ENABLE_OBJC_ARC = YES;
				CLANG_ENABLE_OBJC_WEAK = YES;
				CLANG_WARN_BLOCK_CAPTURE_AUTORELEASING = YES;
				CLANG_WARN_BOOL_CONVERSION = YES;
				CLANG_WARN_COMMA = YES;
				CLANG_WARN_CONSTANT_CONVERSION = YES;
				CLANG_WARN_DEPRECATED_OBJC_IMPLEMENTATIONS = YES;
				CLANG_WARN_DIRECT_OBJC_ISA_USAGE = YES_ERROR;
				CLANG_WARN_DOCUMENTATION_COMMENTS = YES;
				CLANG_WARN_EMPTY_BODY = YES;
				CLANG_WARN_ENUM_CONVERSION = YES;
				CLANG_WARN_INFINITE_RECURSION = YES;
				CLANG_WARN_INT_CONVERSION = YES;
				CLANG_WARN_NON_LITERAL_NULL_CONVERSION = YES;
				CLANG_WARN_OBJC_IMPLICIT_RETAIN_SELF = YES;
				CLANG_WARN_OBJC_LITERAL_CONVERSION = YES;
				CLANG_WARN_OBJC_ROOT_CLASS = YES_ERROR;
				CLANG_WARN_RANGE_LOOP_ANALYSIS = YES;
				CLANG_WARN_STRICT_PROTOTYPES = YES;
				CLANG_WARN_SUSPICIOUS_MOVE = YES;
				CLANG_WARN_UNGUARDED_AVAILABILITY = YES_AGGRESSIVE;
				CLANG_WARN_UNREACHABLE_CODE = YES;
				CLANG_WARN__DUPLICATE_METHOD_MATCH = YES;
				COPY_PHASE_STRIP = NO;
				DEBUG_INFORMATION_FORMAT = "dwarf-with-dsym";
				ENABLE_NS_ASSERTIONS = NO;
				ENABLE_STRICT_OBJC_MSGSEND = YES;
				GCC_C_LANGUAGE_STANDARD = gnu11;
				GCC_NO_COMMON_BLOCKS = YES;
				GCC_WARN_64_TO_32_BIT_CONVERSION = YES;
				GCC_WARN_ABOUT_RETURN_TYPE = YES_ERROR;
				GCC_WARN_UNDECLARED_SELECTOR = YES;
				GCC_WARN_UNINITIALIZED_AUTOS = YES_AGGRESSIVE;
				GCC_WARN_UNUSED_FUNCTION = YES;
				GCC_WARN_UNUSED_VARIABLE = YES;
				IPHONEOS_DEPLOYMENT_TARGET = 13.2;
				MTL_ENABLE_DEBUG_INFO = NO;
				MTL_FAST_MATH = YES;
				SDKROOT = iphoneos;
				SWIFT_COMPILATION_MODE = wholemodule;
				SWIFT_OPTIMIZATION_LEVEL = "-O";
				VALIDATE_PRODUCT = YES;
			};
			name = Release;
		};
		7C82601123856DD1009B1C35 /* Debug */ = {
			isa = XCBuildConfiguration;
			buildSettings = {
				ASSETCATALOG_COMPILER_APPICON_NAME = AppIcon;
				CODE_SIGN_STYLE = Automatic;
				DEVELOPMENT_TEAM = 593ZV4B3B7;
				INFOPLIST_FILE = PersistanceLesson1/Info.plist;
				IPHONEOS_DEPLOYMENT_TARGET = 13.0;
				LD_RUNPATH_SEARCH_PATHS = (
					"$(inherited)",
					"@executable_path/Frameworks",
				);
				PRODUCT_BUNDLE_IDENTIFIER = come.testInAppItits.com.PersistanceLesson1;
				PRODUCT_NAME = "$(TARGET_NAME)";
				SWIFT_VERSION = 5.0;
				TARGETED_DEVICE_FAMILY = "1,2";
			};
			name = Debug;
		};
		7C82601223856DD1009B1C35 /* Release */ = {
			isa = XCBuildConfiguration;
			buildSettings = {
				ASSETCATALOG_COMPILER_APPICON_NAME = AppIcon;
				CODE_SIGN_STYLE = Automatic;
				DEVELOPMENT_TEAM = 593ZV4B3B7;
				INFOPLIST_FILE = PersistanceLesson1/Info.plist;
				IPHONEOS_DEPLOYMENT_TARGET = 13.0;
				LD_RUNPATH_SEARCH_PATHS = (
					"$(inherited)",
					"@executable_path/Frameworks",
				);
				PRODUCT_BUNDLE_IDENTIFIER = come.testInAppItits.com.PersistanceLesson1;
				PRODUCT_NAME = "$(TARGET_NAME)";
				SWIFT_VERSION = 5.0;
				TARGETED_DEVICE_FAMILY = "1,2";
			};
			name = Release;
		};
/* End XCBuildConfiguration section */

/* Begin XCConfigurationList section */
		7C825FF723856DD0009B1C35 /* Build configuration list for PBXProject "PersistanceLesson1" */ = {
			isa = XCConfigurationList;
			buildConfigurations = (
				7C82600E23856DD1009B1C35 /* Debug */,
				7C82600F23856DD1009B1C35 /* Release */,
			);
			defaultConfigurationIsVisible = 0;
			defaultConfigurationName = Release;
		};
		7C82601023856DD1009B1C35 /* Build configuration list for PBXNativeTarget "PersistanceLesson1" */ = {
			isa = XCConfigurationList;
			buildConfigurations = (
				7C82601123856DD1009B1C35 /* Debug */,
				7C82601223856DD1009B1C35 /* Release */,
			);
			defaultConfigurationIsVisible = 0;
			defaultConfigurationName = Release;
		};
/* End XCConfigurationList section */
	};
	rootObject = 7C825FF423856DD0009B1C35 /* Project object */;
}
